
Microsoft Visual Studio Solution File, Format Version 12.00
# Visual Studio Version 17
VisualStudioVersion = 17.10.35027.167
MinimumVisualStudioVersion = 10.0.40219.1
Project("{2150E333-8FDC-42A3-9474-1A3956D46DE8}") = "src", "src", "{BA37D069-F990-471F-9788-A2369E637A46}"
EndProject
Project("{9A19103F-16F7-4668-BE54-9A1E7A4F7556}") = "AutoPartsOrcamento.Infra", "AutoPartsOrcamento.Infra\AutoPartsOrcamento.Infra.csproj", "{D9A3D77F-B64D-48F1-A494-44FCF49863CC}"
EndProject
Project("{9A19103F-16F7-4668-BE54-9A1E7A4F7556}") = "AutoPartsOrcamento.Aplicacao", "AutoPartsOrcamento.Aplicacao\AutoPartsOrcamento.Aplicacao.csproj", "{0E5B98DC-03D5-4BCD-9083-F572C733B68B}"
	ProjectSection(ProjectDependencies) = postProject
		{B0CA1086-CCBA-46DC-9154-F092F212B06E} = {B0CA1086-CCBA-46DC-9154-F092F212B06E}
	EndProjectSection
EndProject
Project("{9A19103F-16F7-4668-BE54-9A1E7A4F7556}") = "AutoPartsOrcamento.Comunicacao", "AutoPartsOrcamento.Comunicacao\AutoPartsOrcamento.Comunicacao.csproj", "{B0CA1086-CCBA-46DC-9154-F092F212B06E}"
EndProject
Project("{9A19103F-16F7-4668-BE54-9A1E7A4F7556}") = "AutoPartsOrcamento.Exceptions", "AutoPartsOrcamento.Exceptions\AutoPartsOrcamento.Exceptions.csproj", "{96FAE5C9-A5E5-4ACC-BEDB-6D2F36EBD052}"
EndProject
Project("{9A19103F-16F7-4668-BE54-9A1E7A4F7556}") = "AutoPartsOrcamento.Api", "AutoPartsOrcamento.Api\AutoPartsOrcamento.Api.csproj", "{FC5C8561-0B62-4C8D-9CD1-272F75D64A84}"
EndProject
Project("{FAE04EC0-301F-11D3-BF4B-00C04F79EFBC}") = "AutoPartsOrcamento.Core", "AutoPartsOrcamento.Core\AutoPartsOrcamento.Core.csproj", "{7D1E0257-8D97-462B-9722-2BB42A574E52}"
EndProject
Global
	GlobalSection(SolutionConfigurationPlatforms) = preSolution
		Debug|Any CPU = Debug|Any CPU
		Release|Any CPU = Release|Any CPU
	EndGlobalSection
	GlobalSection(ProjectConfigurationPlatforms) = postSolution
		{D9A3D77F-B64D-48F1-A494-44FCF49863CC}.Debug|Any CPU.ActiveCfg = Debug|Any CPU
		{D9A3D77F-B64D-48F1-A494-44FCF49863CC}.Debug|Any CPU.Build.0 = Debug|Any CPU
		{D9A3D77F-B64D-48F1-A494-44FCF49863CC}.Release|Any CPU.ActiveCfg = Release|Any CPU
		{D9A3D77F-B64D-48F1-A494-44FCF49863CC}.Release|Any CPU.Build.0 = Release|Any CPU
		{0E5B98DC-03D5-4BCD-9083-F572C733B68B}.Debug|Any CPU.ActiveCfg = Debug|Any CPU
		{0E5B98DC-03D5-4BCD-9083-F572C733B68B}.Debug|Any CPU.Build.0 = Debug|Any CPU
		{0E5B98DC-03D5-4BCD-9083-F572C733B68B}.Release|Any CPU.ActiveCfg = Release|Any CPU
		{0E5B98DC-03D5-4BCD-9083-F572C733B68B}.Release|Any CPU.Build.0 = Release|Any CPU
		{B0CA1086-CCBA-46DC-9154-F092F212B06E}.Debug|Any CPU.ActiveCfg = Debug|Any CPU
		{B0CA1086-CCBA-46DC-9154-F092F212B06E}.Debug|Any CPU.Build.0 = Debug|Any CPU
		{B0CA1086-CCBA-46DC-9154-F092F212B06E}.Release|Any CPU.ActiveCfg = Release|Any CPU
		{B0CA1086-CCBA-46DC-9154-F092F212B06E}.Release|Any CPU.Build.0 = Release|Any CPU
		{96FAE5C9-A5E5-4ACC-BEDB-6D2F36EBD052}.Debug|Any CPU.ActiveCfg = Debug|Any CPU
		{96FAE5C9-A5E5-4ACC-BEDB-6D2F36EBD052}.Debug|Any CPU.Build.0 = Debug|Any CPU
		{96FAE5C9-A5E5-4ACC-BEDB-6D2F36EBD052}.Release|Any CPU.ActiveCfg = Release|Any CPU
		{96FAE5C9-A5E5-4ACC-BEDB-6D2F36EBD052}.Release|Any CPU.Build.0 = Release|Any CPU
		{FC5C8561-0B62-4C8D-9CD1-272F75D64A84}.Debug|Any CPU.ActiveCfg = Debug|Any CPU
		{FC5C8561-0B62-4C8D-9CD1-272F75D64A84}.Debug|Any CPU.Build.0 = Debug|Any CPU
		{FC5C8561-0B62-4C8D-9CD1-272F75D64A84}.Release|Any CPU.ActiveCfg = Release|Any CPU
		{FC5C8561-0B62-4C8D-9CD1-272F75D64A84}.Release|Any CPU.Build.0 = Release|Any CPU
		{7D1E0257-8D97-462B-9722-2BB42A574E52}.Debug|Any CPU.ActiveCfg = Debug|Any CPU
		{7D1E0257-8D97-462B-9722-2BB42A574E52}.Debug|Any CPU.Build.0 = Debug|Any CPU
		{7D1E0257-8D97-462B-9722-2BB42A574E52}.Release|Any CPU.ActiveCfg = Release|Any CPU
		{7D1E0257-8D97-462B-9722-2BB42A574E52}.Release|Any CPU.Build.0 = Release|Any CPU
	EndGlobalSection
	GlobalSection(SolutionProperties) = preSolution
		HideSolutionNode = FALSE
	EndGlobalSection
	GlobalSection(NestedProjects) = preSolution
		{D9A3D77F-B64D-48F1-A494-44FCF49863CC} = {BA37D069-F990-471F-9788-A2369E637A46}
		{0E5B98DC-03D5-4BCD-9083-F572C733B68B} = {BA37D069-F990-471F-9788-A2369E637A46}
		{B0CA1086-CCBA-46DC-9154-F092F212B06E} = {BA37D069-F990-471F-9788-A2369E637A46}
		{96FAE5C9-A5E5-4ACC-BEDB-6D2F36EBD052} = {BA37D069-F990-471F-9788-A2369E637A46}
		{FC5C8561-0B62-4C8D-9CD1-272F75D64A84} = {BA37D069-F990-471F-9788-A2369E637A46}
		{7D1E0257-8D97-462B-9722-2BB42A574E52} = {BA37D069-F990-471F-9788-A2369E637A46}
	EndGlobalSection
	GlobalSection(ExtensibilityGlobals) = postSolution
		SolutionGuid = {031F2063-19A6-4018-8181-73ABC944D0D6}
	EndGlobalSection
EndGlobal
